
Microsoft Visual Studio Solution File, Format Version 12.00
# Visual Studio 15
VisualStudioVersion = 15.0.28307.1259
MinimumVisualStudioVersion = 10.0.40219.1
Project("{FAE04EC0-301F-11D3-BF4B-00C04F79EFBC}") = "“ServerConfigMtk-P2-20180140062", "“ServerConfigMtk-P2-20180140062\“ServerConfigMtk-P2-20180140062.csproj", "{720840EB-DC17-4537-A43A-6F0EC693045A}"
EndProject
Global
	GlobalSection(SolutionConfigurationPlatforms) = preSolution
		Debug|Any CPU = Debug|Any CPU
		Release|Any CPU = Release|Any CPU
	EndGlobalSection
	GlobalSection(ProjectConfigurationPlatforms) = postSolution
		{720840EB-DC17-4537-A43A-6F0EC693045A}.Debug|Any CPU.ActiveCfg = Debug|Any CPU
		{720840EB-DC17-4537-A43A-6F0EC693045A}.Debug|Any CPU.Build.0 = Debug|Any CPU
		{720840EB-DC17-4537-A43A-6F0EC693045A}.Release|Any CPU.ActiveCfg = Release|Any CPU
		{720840EB-DC17-4537-A43A-6F0EC693045A}.Release|Any CPU.Build.0 = Release|Any CPU
	EndGlobalSection
	GlobalSection(SolutionProperties) = preSolution
		HideSolutionNode = FALSE
	EndGlobalSection
	GlobalSection(ExtensibilityGlobals) = postSolution
		SolutionGuid = {C4850EB1-FBFA-48EA-9F4D-5FF727A64DB2}
	EndGlobalSection
EndGlobal
